
Microsoft Visual Studio Solution File, Format Version 12.00
# Visual Studio 14
VisualStudioVersion = 14.0.24720.0
MinimumVisualStudioVersion = 10.0.40219.1
Project("{2150E333-8FDC-42A3-9474-1A3956D46DE8}") = "Engine", "Engine", "{3A3983C6-5A8A-4041-B7D4-14D0230B210C}"
EndProject
Project("{2150E333-8FDC-42A3-9474-1A3956D46DE8}") = "Games", "Games", "{064AB63C-1E48-455C-970C-57EDCEF4E587}"
EndProject
Project("{8BC9CEB8-8B4A-11D0-8D11-00A0C91BC942}") = "UE4", "Intermediate\ProjectFiles\UE4.vcxproj", "{03DEC436-A7B7-4B32-8158-49C8FA441376}"
EndProject
Project("{8BC9CEB8-8B4A-11D0-8D11-00A0C91BC942}") = "Aughrim", "Intermediate\ProjectFiles\Aughrim.vcxproj", "{3C97C6E2-8BAA-449F-A319-D4981ED1D0EF}"
EndProject
Global
	GlobalSection(SolutionConfigurationPlatforms) = preSolution
		DebugGame Editor|HTML5 = DebugGame Editor|HTML5
		DebugGame Editor|Win32 = DebugGame Editor|Win32
		DebugGame Editor|Win64 = DebugGame Editor|Win64
		DebugGame|HTML5 = DebugGame|HTML5
		DebugGame|Win32 = DebugGame|Win32
		DebugGame|Win64 = DebugGame|Win64
		Development Editor|HTML5 = Development Editor|HTML5
		Development Editor|Win32 = Development Editor|Win32
		Development Editor|Win64 = Development Editor|Win64
		Development|HTML5 = Development|HTML5
		Development|Win32 = Development|Win32
		Development|Win64 = Development|Win64
		Shipping|HTML5 = Shipping|HTML5
		Shipping|Win32 = Shipping|Win32
		Shipping|Win64 = Shipping|Win64
	EndGlobalSection
	GlobalSection(ProjectConfigurationPlatforms) = postSolution
		{03DEC436-A7B7-4B32-8158-49C8FA441376}.DebugGame Editor|HTML5.ActiveCfg = BuiltWithUnrealBuildTool|Win32
		{03DEC436-A7B7-4B32-8158-49C8FA441376}.DebugGame Editor|HTML5.Build.0 = BuiltWithUnrealBuildTool|Win32
		{03DEC436-A7B7-4B32-8158-49C8FA441376}.DebugGame Editor|Win32.ActiveCfg = BuiltWithUnrealBuildTool|Win32
		{03DEC436-A7B7-4B32-8158-49C8FA441376}.DebugGame Editor|Win32.Build.0 = BuiltWithUnrealBuildTool|Win32
		{03DEC436-A7B7-4B32-8158-49C8FA441376}.DebugGame Editor|Win64.ActiveCfg = BuiltWithUnrealBuildTool|Win32
		{03DEC436-A7B7-4B32-8158-49C8FA441376}.DebugGame Editor|Win64.Build.0 = BuiltWithUnrealBuildTool|Win32
		{03DEC436-A7B7-4B32-8158-49C8FA441376}.DebugGame|HTML5.ActiveCfg = BuiltWithUnrealBuildTool|Win32
		{03DEC436-A7B7-4B32-8158-49C8FA441376}.DebugGame|HTML5.Build.0 = BuiltWithUnrealBuildTool|Win32
		{03DEC436-A7B7-4B32-8158-49C8FA441376}.DebugGame|Win32.ActiveCfg = BuiltWithUnrealBuildTool|Win32
		{03DEC436-A7B7-4B32-8158-49C8FA441376}.DebugGame|Win32.Build.0 = BuiltWithUnrealBuildTool|Win32
		{03DEC436-A7B7-4B32-8158-49C8FA441376}.DebugGame|Win64.ActiveCfg = BuiltWithUnrealBuildTool|Win32
		{03DEC436-A7B7-4B32-8158-49C8FA441376}.DebugGame|Win64.Build.0 = BuiltWithUnrealBuildTool|Win32
		{03DEC436-A7B7-4B32-8158-49C8FA441376}.Development Editor|HTML5.ActiveCfg = BuiltWithUnrealBuildTool|Win32
		{03DEC436-A7B7-4B32-8158-49C8FA441376}.Development Editor|HTML5.Build.0 = BuiltWithUnrealBuildTool|Win32
		{03DEC436-A7B7-4B32-8158-49C8FA441376}.Development Editor|Win32.ActiveCfg = BuiltWithUnrealBuildTool|Win32
		{03DEC436-A7B7-4B32-8158-49C8FA441376}.Development Editor|Win32.Build.0 = BuiltWithUnrealBuildTool|Win32
		{03DEC436-A7B7-4B32-8158-49C8FA441376}.Development Editor|Win64.ActiveCfg = BuiltWithUnrealBuildTool|Win32
		{03DEC436-A7B7-4B32-8158-49C8FA441376}.Development Editor|Win64.Build.0 = BuiltWithUnrealBuildTool|Win32
		{03DEC436-A7B7-4B32-8158-49C8FA441376}.Development|HTML5.ActiveCfg = BuiltWithUnrealBuildTool|Win32
		{03DEC436-A7B7-4B32-8158-49C8FA441376}.Development|HTML5.Build.0 = BuiltWithUnrealBuildTool|Win32
		{03DEC436-A7B7-4B32-8158-49C8FA441376}.Development|Win32.ActiveCfg = BuiltWithUnrealBuildTool|Win32
		{03DEC436-A7B7-4B32-8158-49C8FA441376}.Development|Win32.Build.0 = BuiltWithUnrealBuildTool|Win32
		{03DEC436-A7B7-4B32-8158-49C8FA441376}.Development|Win64.ActiveCfg = BuiltWithUnrealBuildTool|Win32
		{03DEC436-A7B7-4B32-8158-49C8FA441376}.Development|Win64.Build.0 = BuiltWithUnrealBuildTool|Win32
		{03DEC436-A7B7-4B32-8158-49C8FA441376}.Shipping|HTML5.ActiveCfg = BuiltWithUnrealBuildTool|Win32
		{03DEC436-A7B7-4B32-8158-49C8FA441376}.Shipping|HTML5.Build.0 = BuiltWithUnrealBuildTool|Win32
		{03DEC436-A7B7-4B32-8158-49C8FA441376}.Shipping|Win32.ActiveCfg = BuiltWithUnrealBuildTool|Win32
		{03DEC436-A7B7-4B32-8158-49C8FA441376}.Shipping|Win32.Build.0 = BuiltWithUnrealBuildTool|Win32
		{03DEC436-A7B7-4B32-8158-49C8FA441376}.Shipping|Win64.ActiveCfg = BuiltWithUnrealBuildTool|Win32
		{03DEC436-A7B7-4B32-8158-49C8FA441376}.Shipping|Win64.Build.0 = BuiltWithUnrealBuildTool|Win32
		{3C97C6E2-8BAA-449F-A319-D4981ED1D0EF}.DebugGame Editor|HTML5.ActiveCfg = HTML5_DebugGame_Editor|Win32
		{3C97C6E2-8BAA-449F-A319-D4981ED1D0EF}.DebugGame Editor|Win32.ActiveCfg = DebugGame_Editor|Win32
		{3C97C6E2-8BAA-449F-A319-D4981ED1D0EF}.DebugGame Editor|Win64.ActiveCfg = DebugGame_Editor|x64
		{3C97C6E2-8BAA-449F-A319-D4981ED1D0EF}.DebugGame Editor|Win64.Build.0 = DebugGame_Editor|x64
		{3C97C6E2-8BAA-449F-A319-D4981ED1D0EF}.DebugGame|HTML5.ActiveCfg = HTML5_DebugGame_Game|Win32
		{3C97C6E2-8BAA-449F-A319-D4981ED1D0EF}.DebugGame|HTML5.Build.0 = HTML5_DebugGame_Game|Win32
		{3C97C6E2-8BAA-449F-A319-D4981ED1D0EF}.DebugGame|Win32.ActiveCfg = DebugGame_Game|Win32
		{3C97C6E2-8BAA-449F-A319-D4981ED1D0EF}.DebugGame|Win32.Build.0 = DebugGame_Game|Win32
		{3C97C6E2-8BAA-449F-A319-D4981ED1D0EF}.DebugGame|Win64.ActiveCfg = DebugGame_Game|x64
		{3C97C6E2-8BAA-449F-A319-D4981ED1D0EF}.DebugGame|Win64.Build.0 = DebugGame_Game|x64
		{3C97C6E2-8BAA-449F-A319-D4981ED1D0EF}.Development Editor|HTML5.ActiveCfg = HTML5_Development_Editor|Win32
		{3C97C6E2-8BAA-449F-A319-D4981ED1D0EF}.Development Editor|Win32.ActiveCfg = Development_Editor|Win32
		{3C97C6E2-8BAA-449F-A319-D4981ED1D0EF}.Development Editor|Win64.ActiveCfg = Development_Editor|x64
		{3C97C6E2-8BAA-449F-A319-D4981ED1D0EF}.Development Editor|Win64.Build.0 = Development_Editor|x64
		{3C97C6E2-8BAA-449F-A319-D4981ED1D0EF}.Development|HTML5.ActiveCfg = HTML5_Development_Game|Win32
		{3C97C6E2-8BAA-449F-A319-D4981ED1D0EF}.Development|HTML5.Build.0 = HTML5_Development_Game|Win32
		{3C97C6E2-8BAA-449F-A319-D4981ED1D0EF}.Development|Win32.ActiveCfg = Development_Game|Win32
		{3C97C6E2-8BAA-449F-A319-D4981ED1D0EF}.Development|Win32.Build.0 = Development_Game|Win32
		{3C97C6E2-8BAA-449F-A319-D4981ED1D0EF}.Development|Win64.ActiveCfg = Development_Game|x64
		{3C97C6E2-8BAA-449F-A319-D4981ED1D0EF}.Development|Win64.Build.0 = Development_Game|x64
		{3C97C6E2-8BAA-449F-A319-D4981ED1D0EF}.Shipping|HTML5.ActiveCfg = HTML5_Shipping_Game|Win32
		{3C97C6E2-8BAA-449F-A319-D4981ED1D0EF}.Shipping|HTML5.Build.0 = HTML5_Shipping_Game|Win32
		{3C97C6E2-8BAA-449F-A319-D4981ED1D0EF}.Shipping|Win32.ActiveCfg = Shipping_Game|Win32
		{3C97C6E2-8BAA-449F-A319-D4981ED1D0EF}.Shipping|Win32.Build.0 = Shipping_Game|Win32
		{3C97C6E2-8BAA-449F-A319-D4981ED1D0EF}.Shipping|Win64.ActiveCfg = Shipping_Game|x64
		{3C97C6E2-8BAA-449F-A319-D4981ED1D0EF}.Shipping|Win64.Build.0 = Shipping_Game|x64
	EndGlobalSection
	GlobalSection(SolutionProperties) = preSolution
		HideSolutionNode = FALSE
	EndGlobalSection
	GlobalSection(NestedProjects) = preSolution
		{03DEC436-A7B7-4B32-8158-49C8FA441376} = {3A3983C6-5A8A-4041-B7D4-14D0230B210C}
		{3C97C6E2-8BAA-449F-A319-D4981ED1D0EF} = {064AB63C-1E48-455C-970C-57EDCEF4E587}
	EndGlobalSection
EndGlobal
